
Microsoft Visual Studio Solution File, Format Version 12.00
# Visual Studio Version 16
VisualStudioVersion = 16.0.31019.35
MinimumVisualStudioVersion = 10.0.40219.1
Project("{FAE04EC0-301F-11D3-BF4B-00C04F79EFBC}") = "Tema2MVP", "Tema2MVP\Tema2MVP.csproj", "{D209934C-6790-4368-903F-C206ADC7BF47}"
EndProject
Global
	GlobalSection(SolutionConfigurationPlatforms) = preSolution
		Debug|Any CPU = Debug|Any CPU
		Release|Any CPU = Release|Any CPU
	EndGlobalSection
	GlobalSection(ProjectConfigurationPlatforms) = postSolution
		{D209934C-6790-4368-903F-C206ADC7BF47}.Debug|Any CPU.ActiveCfg = Debug|Any CPU
		{D209934C-6790-4368-903F-C206ADC7BF47}.Debug|Any CPU.Build.0 = Debug|Any CPU
		{D209934C-6790-4368-903F-C206ADC7BF47}.Release|Any CPU.ActiveCfg = Release|Any CPU
		{D209934C-6790-4368-903F-C206ADC7BF47}.Release|Any CPU.Build.0 = Release|Any CPU
	EndGlobalSection
	GlobalSection(SolutionProperties) = preSolution
		HideSolutionNode = FALSE
	EndGlobalSection
	GlobalSection(ExtensibilityGlobals) = postSolution
		SolutionGuid = {F2671BD7-5AAD-49BE-B946-471E4CD8D157}
	EndGlobalSection
EndGlobal
